
Microsoft Visual Studio Solution File, Format Version 12.00
# Visual Studio Version 17
VisualStudioVersion = 17.6.35201.154
MinimumVisualStudioVersion = 10.0.40219.1
Project("{8BC9CEB8-8B4A-11D0-8D11-00A0C91BC942}") = "Aufgabe1", "KT_040924.vcxproj", "{ACE019E6-50E4-4153-BBFD-2F3B18D8BB0C}"
EndProject
Project("{8BC9CEB8-8B4A-11D0-8D11-00A0C91BC942}") = "Aufgabe2", "..\Aufgabe2\Aufgabe2.vcxproj", "{505F458E-3D8A-45F0-9B9F-8AE091A99E33}"
EndProject
Project("{8BC9CEB8-8B4A-11D0-8D11-00A0C91BC942}") = "Aufgabe3", "..\Aufgabe3\Aufgabe3.vcxproj", "{83302BCE-A252-46C3-97D6-9C67B2289F6E}"
EndProject
Project("{8BC9CEB8-8B4A-11D0-8D11-00A0C91BC942}") = "Aufgabe4", "..\Aufgabe4\Aufgabe4.vcxproj", "{4E44D2D8-C4FF-48DC-B66E-EFE82F9EA77E}"
EndProject
Project("{8BC9CEB8-8B4A-11D0-8D11-00A0C91BC942}") = "Aufgabe5", "..\ConsoleApplication1\ConsoleApplication1.vcxproj", "{3AAE3EC4-1697-4036-BF67-5E09F4A89A9D}"
EndProject
Project("{8BC9CEB8-8B4A-11D0-8D11-00A0C91BC942}") = "Aufgabe6", "..\Aufgabe6\Aufgabe6.vcxproj", "{36B6887F-1B11-462D-8A38-62997C0FB3BF}"
EndProject
Global
	GlobalSection(SolutionConfigurationPlatforms) = preSolution
		Debug|x64 = Debug|x64
		Debug|x86 = Debug|x86
		Release|x64 = Release|x64
		Release|x86 = Release|x86
	EndGlobalSection
	GlobalSection(ProjectConfigurationPlatforms) = postSolution
		{ACE019E6-50E4-4153-BBFD-2F3B18D8BB0C}.Debug|x64.ActiveCfg = Debug|x64
		{ACE019E6-50E4-4153-BBFD-2F3B18D8BB0C}.Debug|x64.Build.0 = Debug|x64
		{ACE019E6-50E4-4153-BBFD-2F3B18D8BB0C}.Debug|x86.ActiveCfg = Debug|Win32
		{ACE019E6-50E4-4153-BBFD-2F3B18D8BB0C}.Debug|x86.Build.0 = Debug|Win32
		{ACE019E6-50E4-4153-BBFD-2F3B18D8BB0C}.Release|x64.ActiveCfg = Release|x64
		{ACE019E6-50E4-4153-BBFD-2F3B18D8BB0C}.Release|x64.Build.0 = Release|x64
		{ACE019E6-50E4-4153-BBFD-2F3B18D8BB0C}.Release|x86.ActiveCfg = Release|Win32
		{ACE019E6-50E4-4153-BBFD-2F3B18D8BB0C}.Release|x86.Build.0 = Release|Win32
		{505F458E-3D8A-45F0-9B9F-8AE091A99E33}.Debug|x64.ActiveCfg = Debug|x64
		{505F458E-3D8A-45F0-9B9F-8AE091A99E33}.Debug|x64.Build.0 = Debug|x64
		{505F458E-3D8A-45F0-9B9F-8AE091A99E33}.Debug|x86.ActiveCfg = Debug|Win32
		{505F458E-3D8A-45F0-9B9F-8AE091A99E33}.Debug|x86.Build.0 = Debug|Win32
		{505F458E-3D8A-45F0-9B9F-8AE091A99E33}.Release|x64.ActiveCfg = Release|x64
		{505F458E-3D8A-45F0-9B9F-8AE091A99E33}.Release|x64.Build.0 = Release|x64
		{505F458E-3D8A-45F0-9B9F-8AE091A99E33}.Release|x86.ActiveCfg = Release|Win32
		{505F458E-3D8A-45F0-9B9F-8AE091A99E33}.Release|x86.Build.0 = Release|Win32
		{83302BCE-A252-46C3-97D6-9C67B2289F6E}.Debug|x64.ActiveCfg = Debug|x64
		{83302BCE-A252-46C3-97D6-9C67B2289F6E}.Debug|x64.Build.0 = Debug|x64
		{83302BCE-A252-46C3-97D6-9C67B2289F6E}.Debug|x86.ActiveCfg = Debug|Win32
		{83302BCE-A252-46C3-97D6-9C67B2289F6E}.Debug|x86.Build.0 = Debug|Win32
		{83302BCE-A252-46C3-97D6-9C67B2289F6E}.Release|x64.ActiveCfg = Release|x64
		{83302BCE-A252-46C3-97D6-9C67B2289F6E}.Release|x64.Build.0 = Release|x64
		{83302BCE-A252-46C3-97D6-9C67B2289F6E}.Release|x86.ActiveCfg = Release|Win32
		{83302BCE-A252-46C3-97D6-9C67B2289F6E}.Release|x86.Build.0 = Release|Win32
		{4E44D2D8-C4FF-48DC-B66E-EFE82F9EA77E}.Debug|x64.ActiveCfg = Debug|x64
		{4E44D2D8-C4FF-48DC-B66E-EFE82F9EA77E}.Debug|x64.Build.0 = Debug|x64
		{4E44D2D8-C4FF-48DC-B66E-EFE82F9EA77E}.Debug|x86.ActiveCfg = Debug|Win32
		{4E44D2D8-C4FF-48DC-B66E-EFE82F9EA77E}.Debug|x86.Build.0 = Debug|Win32
		{4E44D2D8-C4FF-48DC-B66E-EFE82F9EA77E}.Release|x64.ActiveCfg = Release|x64
		{4E44D2D8-C4FF-48DC-B66E-EFE82F9EA77E}.Release|x64.Build.0 = Release|x64
		{4E44D2D8-C4FF-48DC-B66E-EFE82F9EA77E}.Release|x86.ActiveCfg = Release|Win32
		{4E44D2D8-C4FF-48DC-B66E-EFE82F9EA77E}.Release|x86.Build.0 = Release|Win32
		{3AAE3EC4-1697-4036-BF67-5E09F4A89A9D}.Debug|x64.ActiveCfg = Debug|x64
		{3AAE3EC4-1697-4036-BF67-5E09F4A89A9D}.Debug|x64.Build.0 = Debug|x64
		{3AAE3EC4-1697-4036-BF67-5E09F4A89A9D}.Debug|x86.ActiveCfg = Debug|Win32
		{3AAE3EC4-1697-4036-BF67-5E09F4A89A9D}.Debug|x86.Build.0 = Debug|Win32
		{3AAE3EC4-1697-4036-BF67-5E09F4A89A9D}.Release|x64.ActiveCfg = Release|x64
		{3AAE3EC4-1697-4036-BF67-5E09F4A89A9D}.Release|x64.Build.0 = Release|x64
		{3AAE3EC4-1697-4036-BF67-5E09F4A89A9D}.Release|x86.ActiveCfg = Release|Win32
		{3AAE3EC4-1697-4036-BF67-5E09F4A89A9D}.Release|x86.Build.0 = Release|Win32
		{36B6887F-1B11-462D-8A38-62997C0FB3BF}.Debug|x64.ActiveCfg = Debug|x64
		{36B6887F-1B11-462D-8A38-62997C0FB3BF}.Debug|x64.Build.0 = Debug|x64
		{36B6887F-1B11-462D-8A38-62997C0FB3BF}.Debug|x86.ActiveCfg = Debug|Win32
		{36B6887F-1B11-462D-8A38-62997C0FB3BF}.Debug|x86.Build.0 = Debug|Win32
		{36B6887F-1B11-462D-8A38-62997C0FB3BF}.Release|x64.ActiveCfg = Release|x64
		{36B6887F-1B11-462D-8A38-62997C0FB3BF}.Release|x64.Build.0 = Release|x64
		{36B6887F-1B11-462D-8A38-62997C0FB3BF}.Release|x86.ActiveCfg = Release|Win32
		{36B6887F-1B11-462D-8A38-62997C0FB3BF}.Release|x86.Build.0 = Release|Win32
	EndGlobalSection
	GlobalSection(SolutionProperties) = preSolution
		HideSolutionNode = FALSE
	EndGlobalSection
	GlobalSection(ExtensibilityGlobals) = postSolution
		SolutionGuid = {9C8AE4F7-5BC5-4C02-BFE1-3DFD0A47E5FD}
	EndGlobalSection
EndGlobal
